
Microsoft Visual Studio Solution File, Format Version 12.00
# Visual Studio Version 17
VisualStudioVersion = 17.9.34728.123
MinimumVisualStudioVersion = 10.0.40219.1
Project("{9A19103F-16F7-4668-BE54-9A1E7A4F7556}") = "SkillMiner.Infrastructure", "src\SkillMiner.Infrastructure\SkillMiner.Infrastructure.csproj", "{62390519-9A85-45A4-B06F-1B535161AEE2}"
EndProject
Project("{9A19103F-16F7-4668-BE54-9A1E7A4F7556}") = "SkillMiner.Application", "src\SkillMiner.Application\SkillMiner.Application.csproj", "{FCF2385D-1196-437C-9817-0DCDB98A8701}"
EndProject
Project("{9A19103F-16F7-4668-BE54-9A1E7A4F7556}") = "SkillMiner.Domain", "src\SkillMiner.Domain\SkillMiner.Domain.csproj", "{AA1CCDF7-7C16-48D1-8479-755D1ED17E63}"
EndProject
Project("{9A19103F-16F7-4668-BE54-9A1E7A4F7556}") = "SkillMiner.Shared", "src\SkillMiner.Shared\SkillMiner.Shared.csproj", "{064D6104-6E20-494A-8854-E0E558D079F2}"
EndProject
Project("{FAE04EC0-301F-11D3-BF4B-00C04F79EFBC}") = "SkillMiner.Presentation.Web", "src\SkllMiner.Presentation.Web\SkillMiner.Presentation.Web.csproj", "{F1A5AFC9-4C34-4869-BB7A-A8976C57B846}"
EndProject
Global
	GlobalSection(SolutionConfigurationPlatforms) = preSolution
		Debug|Any CPU = Debug|Any CPU
		Release|Any CPU = Release|Any CPU
	EndGlobalSection
	GlobalSection(ProjectConfigurationPlatforms) = postSolution
		{62390519-9A85-45A4-B06F-1B535161AEE2}.Debug|Any CPU.ActiveCfg = Debug|Any CPU
		{62390519-9A85-45A4-B06F-1B535161AEE2}.Debug|Any CPU.Build.0 = Debug|Any CPU
		{62390519-9A85-45A4-B06F-1B535161AEE2}.Release|Any CPU.ActiveCfg = Release|Any CPU
		{62390519-9A85-45A4-B06F-1B535161AEE2}.Release|Any CPU.Build.0 = Release|Any CPU
		{FCF2385D-1196-437C-9817-0DCDB98A8701}.Debug|Any CPU.ActiveCfg = Debug|Any CPU
		{FCF2385D-1196-437C-9817-0DCDB98A8701}.Debug|Any CPU.Build.0 = Debug|Any CPU
		{FCF2385D-1196-437C-9817-0DCDB98A8701}.Release|Any CPU.ActiveCfg = Release|Any CPU
		{FCF2385D-1196-437C-9817-0DCDB98A8701}.Release|Any CPU.Build.0 = Release|Any CPU
		{AA1CCDF7-7C16-48D1-8479-755D1ED17E63}.Debug|Any CPU.ActiveCfg = Debug|Any CPU
		{AA1CCDF7-7C16-48D1-8479-755D1ED17E63}.Debug|Any CPU.Build.0 = Debug|Any CPU
		{AA1CCDF7-7C16-48D1-8479-755D1ED17E63}.Release|Any CPU.ActiveCfg = Release|Any CPU
		{AA1CCDF7-7C16-48D1-8479-755D1ED17E63}.Release|Any CPU.Build.0 = Release|Any CPU
		{064D6104-6E20-494A-8854-E0E558D079F2}.Debug|Any CPU.ActiveCfg = Debug|Any CPU
		{064D6104-6E20-494A-8854-E0E558D079F2}.Debug|Any CPU.Build.0 = Debug|Any CPU
		{064D6104-6E20-494A-8854-E0E558D079F2}.Release|Any CPU.ActiveCfg = Release|Any CPU
		{064D6104-6E20-494A-8854-E0E558D079F2}.Release|Any CPU.Build.0 = Release|Any CPU
		{F1A5AFC9-4C34-4869-BB7A-A8976C57B846}.Debug|Any CPU.ActiveCfg = Debug|Any CPU
		{F1A5AFC9-4C34-4869-BB7A-A8976C57B846}.Debug|Any CPU.Build.0 = Debug|Any CPU
		{F1A5AFC9-4C34-4869-BB7A-A8976C57B846}.Release|Any CPU.ActiveCfg = Release|Any CPU
		{F1A5AFC9-4C34-4869-BB7A-A8976C57B846}.Release|Any CPU.Build.0 = Release|Any CPU
	EndGlobalSection
	GlobalSection(SolutionProperties) = preSolution
		HideSolutionNode = FALSE
	EndGlobalSection
	GlobalSection(ExtensibilityGlobals) = postSolution
		SolutionGuid = {7166F420-A766-4391-8797-487CCDCF15EB}
	EndGlobalSection
EndGlobal
